
Microsoft Visual Studio Solution File, Format Version 12.00
# Visual Studio Version 16
VisualStudioVersion = 16.0.32126.315
MinimumVisualStudioVersion = 10.0.40219.1
Project("{FAE04EC0-301F-11D3-BF4B-00C04F79EFBC}") = "Bai11", "Bai11.csproj", "{2EE2A8C6-6E08-4EB8-8C4D-1B0313F01DD9}"
EndProject
Global
	GlobalSection(SolutionConfigurationPlatforms) = preSolution
		Debug|Any CPU = Debug|Any CPU
		Release|Any CPU = Release|Any CPU
	EndGlobalSection
	GlobalSection(ProjectConfigurationPlatforms) = postSolution
		{2EE2A8C6-6E08-4EB8-8C4D-1B0313F01DD9}.Debug|Any CPU.ActiveCfg = Debug|Any CPU
		{2EE2A8C6-6E08-4EB8-8C4D-1B0313F01DD9}.Debug|Any CPU.Build.0 = Debug|Any CPU
		{2EE2A8C6-6E08-4EB8-8C4D-1B0313F01DD9}.Release|Any CPU.ActiveCfg = Release|Any CPU
		{2EE2A8C6-6E08-4EB8-8C4D-1B0313F01DD9}.Release|Any CPU.Build.0 = Release|Any CPU
	EndGlobalSection
	GlobalSection(SolutionProperties) = preSolution
		HideSolutionNode = FALSE
	EndGlobalSection
	GlobalSection(ExtensibilityGlobals) = postSolution
		SolutionGuid = {955BA442-EB07-4B9A-B5C9-87127FABB249}
	EndGlobalSection
EndGlobal
